// !$*UTF8*$!
{
	archiveVersion = 1;
	classes = {
	};
	objectVersion = 50;
	objects = {

/* Begin PBXBuildFile section */
		240C652B2224C92900D57103 /* SecondEDCell.swift in Sources */ = {isa = PBXBuildFile; fileRef = 240C65292224C92900D57103 /* SecondEDCell.swift */; };
		240C652C2224C92900D57103 /* SecondEDCell.xib in Resources */ = {isa = PBXBuildFile; fileRef = 240C652A2224C92900D57103 /* SecondEDCell.xib */; };
		240C652F2224D9AF00D57103 /* ThirdEDCell.swift in Sources */ = {isa = PBXBuildFile; fileRef = 240C652D2224D9AF00D57103 /* ThirdEDCell.swift */; };
		240C65302224D9AF00D57103 /* ThirdEDCell.xib in Resources */ = {isa = PBXBuildFile; fileRef = 240C652E2224D9AF00D57103 /* ThirdEDCell.xib */; };
		240C65332224DD1B00D57103 /* EventPagerCell.swift in Sources */ = {isa = PBXBuildFile; fileRef = 240C65312224DD1B00D57103 /* EventPagerCell.swift */; };
		240C65342224DD1B00D57103 /* EventPagerCell.xib in Resources */ = {isa = PBXBuildFile; fileRef = 240C65322224DD1B00D57103 /* EventPagerCell.xib */; };
		241F4A9322320B3B001051F6 /* Custom.storyboard in Resources */ = {isa = PBXBuildFile; fileRef = 241F4A9222320B3B001051F6 /* Custom.storyboard */; };
		241F4A9622320B96001051F6 /* MarkerDetailViewController.swift in Sources */ = {isa = PBXBuildFile; fileRef = 241F4A9522320B96001051F6 /* MarkerDetailViewController.swift */; };
		243A1A2A2223796B00967001 /* DateHeader.swift in Sources */ = {isa = PBXBuildFile; fileRef = 243A1A282223796B00967001 /* DateHeader.swift */; };
		243A1A2B2223796B00967001 /* DateHeader.xib in Resources */ = {isa = PBXBuildFile; fileRef = 243A1A292223796B00967001 /* DateHeader.xib */; };
		243A1A2D22237DC400967001 /* CommonTableModel.swift in Sources */ = {isa = PBXBuildFile; fileRef = 243A1A2C22237DC400967001 /* CommonTableModel.swift */; };
		245883972228C59D00635AB9 /* RealmManager.swift in Sources */ = {isa = PBXBuildFile; fileRef = 245883962228C59D00635AB9 /* RealmManager.swift */; };
		245883992228C66300635AB9 /* Category.swift in Sources */ = {isa = PBXBuildFile; fileRef = 245883982228C66300635AB9 /* Category.swift */; };
		2458839D2228C79000635AB9 /* CategoryDTO.swift in Sources */ = {isa = PBXBuildFile; fileRef = 2458839C2228C79000635AB9 /* CategoryDTO.swift */; };
		2458839F2228C8E000635AB9 /* CategoryRealmModel.swift in Sources */ = {isa = PBXBuildFile; fileRef = 2458839E2228C8E000635AB9 /* CategoryRealmModel.swift */; };
		245883A12228CA6700635AB9 /* BrowseService.swift in Sources */ = {isa = PBXBuildFile; fileRef = 245883A02228CA6700635AB9 /* BrowseService.swift */; };
		245883A62228CC1500635AB9 /* CategoryCell.swift in Sources */ = {isa = PBXBuildFile; fileRef = 245883A42228CC1500635AB9 /* CategoryCell.swift */; };
		245883A72228CC1500635AB9 /* CategoryCell.xib in Resources */ = {isa = PBXBuildFile; fileRef = 245883A52228CC1500635AB9 /* CategoryCell.xib */; };
		245CA1FE222CBCC00061BF7A /* EventByCategoryViewController.swift in Sources */ = {isa = PBXBuildFile; fileRef = 245CA1FD222CBCC00061BF7A /* EventByCategoryViewController.swift */; };
		245CA202222D11CB0061BF7A /* VenueRealmModel.swift in Sources */ = {isa = PBXBuildFile; fileRef = 245CA201222D11CB0061BF7A /* VenueRealmModel.swift */; };
		2460C609221D0F3400A7817B /* RegisterViewController.swift in Sources */ = {isa = PBXBuildFile; fileRef = 2460C608221D0F3400A7817B /* RegisterViewController.swift */; };
		2460C60B221D0F4B00A7817B /* MyListEventViewController.swift in Sources */ = {isa = PBXBuildFile; fileRef = 2460C60A221D0F4B00A7817B /* MyListEventViewController.swift */; };
		2460C60D221D3E5500A7817B /* LoginViewController.swift in Sources */ = {isa = PBXBuildFile; fileRef = 2460C60C221D3E5500A7817B /* LoginViewController.swift */; };
		2460C60F221D3E7300A7817B /* ForgotPasswordViewController.swift in Sources */ = {isa = PBXBuildFile; fileRef = 2460C60E221D3E7300A7817B /* ForgotPasswordViewController.swift */; };
		246BCA1D221E3299006D6C91 /* UITextFieldExtension.swift in Sources */ = {isa = PBXBuildFile; fileRef = 246BCA1C221E3299006D6C91 /* UITextFieldExtension.swift */; };
		246BCA20221E3C29006D6C91 /* MyPageService.swift in Sources */ = {isa = PBXBuildFile; fileRef = 246BCA1F221E3C29006D6C91 /* MyPageService.swift */; };
		246BCA22221E42CA006D6C91 /* UIVCExtension.swift in Sources */ = {isa = PBXBuildFile; fileRef = 246BCA21221E42CA006D6C91 /* UIVCExtension.swift */; };
		246BCA26221E9C8F006D6C91 /* Utils.swift in Sources */ = {isa = PBXBuildFile; fileRef = 246BCA25221E9C8F006D6C91 /* Utils.swift */; };
		246BCA28221E9D79006D6C91 /* EventDetailViewController.swift in Sources */ = {isa = PBXBuildFile; fileRef = 246BCA27221E9D79006D6C91 /* EventDetailViewController.swift */; };
		246BCA2A221EABCD006D6C91 /* GoingViewController.swift in Sources */ = {isa = PBXBuildFile; fileRef = 246BCA29221EABCD006D6C91 /* GoingViewController.swift */; };
		246BCA2C221EABE0006D6C91 /* WentViewController.swift in Sources */ = {isa = PBXBuildFile; fileRef = 246BCA2B221EABE0006D6C91 /* WentViewController.swift */; };
		2472A870222E5363009758AD /* SearchViewController.swift in Sources */ = {isa = PBXBuildFile; fileRef = 2472A86F222E5363009758AD /* SearchViewController.swift */; };
		249532662223DB1700E1563F /* FirstEDCell.swift in Sources */ = {isa = PBXBuildFile; fileRef = 249532642223DB1600E1563F /* FirstEDCell.swift */; };
		249532672223DB1700E1563F /* FirstEDCell.xib in Resources */ = {isa = PBXBuildFile; fileRef = 249532652223DB1600E1563F /* FirstEDCell.xib */; };
		2495326A2223E06D00E1563F /* EventCellModel.swift in Sources */ = {isa = PBXBuildFile; fileRef = 249532692223E06D00E1563F /* EventCellModel.swift */; };
		24A496AF221A3E8100ABA699 /* NewsViewController.swift in Sources */ = {isa = PBXBuildFile; fileRef = 24A496AE221A3E8100ABA699 /* NewsViewController.swift */; };
		24A496B1221A404500ABA699 /* PopularViewController.swift in Sources */ = {isa = PBXBuildFile; fileRef = 24A496B0221A404500ABA699 /* PopularViewController.swift */; };
		24A496B7221A435100ABA699 /* NewsCell.swift in Sources */ = {isa = PBXBuildFile; fileRef = 24A496B5221A435100ABA699 /* NewsCell.swift */; };
		24A496B8221A435100ABA699 /* NewsCell.xib in Resources */ = {isa = PBXBuildFile; fileRef = 24A496B6221A435100ABA699 /* NewsCell.xib */; };
		24A496BB221A486300ABA699 /* News.swift in Sources */ = {isa = PBXBuildFile; fileRef = 24A496BA221A486300ABA699 /* News.swift */; };
		24A496BE221A5D8800ABA699 /* APIServiceAgent.swift in Sources */ = {isa = PBXBuildFile; fileRef = 24A496BD221A5D8800ABA699 /* APIServiceAgent.swift */; };
		24A496C0221A5DD400ABA699 /* APIServiceObject.swift in Sources */ = {isa = PBXBuildFile; fileRef = 24A496BF221A5DD400ABA699 /* APIServiceObject.swift */; };
		24A496C2221A5E0B00ABA699 /* APIRequestProvider.swift in Sources */ = {isa = PBXBuildFile; fileRef = 24A496C1221A5E0B00ABA699 /* APIRequestProvider.swift */; };
		24A496C4221A5FFC00ABA699 /* HomeService.swift in Sources */ = {isa = PBXBuildFile; fileRef = 24A496C3221A5FFC00ABA699 /* HomeService.swift */; };
		24A496C8221A605B00ABA699 /* NewsDTO.swift in Sources */ = {isa = PBXBuildFile; fileRef = 24A496C7221A605B00ABA699 /* NewsDTO.swift */; };
		24A496CB221A8A2D00ABA699 /* Connectivity.swift in Sources */ = {isa = PBXBuildFile; fileRef = 24A496CA221A8A2D00ABA699 /* Connectivity.swift */; };
		24A496D0221A8C5C00ABA699 /* UserPresfHelper.swift in Sources */ = {isa = PBXBuildFile; fileRef = 24A496CF221A8C5C00ABA699 /* UserPresfHelper.swift */; };
		24A496D6221A917700ABA699 /* NewsRealmModel.swift in Sources */ = {isa = PBXBuildFile; fileRef = 24A496D5221A917700ABA699 /* NewsRealmModel.swift */; };
		24A496DA221A943400ABA699 /* ResultsExtension.swift in Sources */ = {isa = PBXBuildFile; fileRef = 24A496D9221A943400ABA699 /* ResultsExtension.swift */; };
		24A496DC221A9CA500ABA699 /* IntExtension.swift in Sources */ = {isa = PBXBuildFile; fileRef = 24A496DB221A9CA500ABA699 /* IntExtension.swift */; };
		24A496E0221A9EF600ABA699 /* UITabbarExtension.swift in Sources */ = {isa = PBXBuildFile; fileRef = 24A496DF221A9EF600ABA699 /* UITabbarExtension.swift */; };
		24A496E2221AA3C100ABA699 /* StringExtension.swift in Sources */ = {isa = PBXBuildFile; fileRef = 24A496E1221AA3C100ABA699 /* StringExtension.swift */; };
		24ADAB4C221695A900499926 /* AppDelegate.swift in Sources */ = {isa = PBXBuildFile; fileRef = 24ADAB4B221695A900499926 /* AppDelegate.swift */; };
		24ADAB4E221695A900499926 /* ViewController.swift in Sources */ = {isa = PBXBuildFile; fileRef = 24ADAB4D221695A900499926 /* ViewController.swift */; };
		24ADAB51221695A900499926 /* Main.storyboard in Resources */ = {isa = PBXBuildFile; fileRef = 24ADAB4F221695A900499926 /* Main.storyboard */; };
		24ADAB61221695AA00499926 /* MockAppTests.swift in Sources */ = {isa = PBXBuildFile; fileRef = 24ADAB60221695AA00499926 /* MockAppTests.swift */; };
		24ADAB6C221695AB00499926 /* MockAppUITests.swift in Sources */ = {isa = PBXBuildFile; fileRef = 24ADAB6B221695AB00499926 /* MockAppUITests.swift */; };
		24ADAB7C2216997800499926 /* R.generated.swift in Sources */ = {isa = PBXBuildFile; fileRef = 24ADAB7B2216997800499926 /* R.generated.swift */; };
		24ADAB8022169AB700499926 /* UIColorExtension.swift in Sources */ = {isa = PBXBuildFile; fileRef = 24ADAB7F22169AB700499926 /* UIColorExtension.swift */; };
		24ADAB9422169B1E00499926 /* Roboto-Regular.ttf in Resources */ = {isa = PBXBuildFile; fileRef = 24ADAB8222169B1D00499926 /* Roboto-Regular.ttf */; };
		24ADAB9522169B1E00499926 /* Roboto_Specimen_Book.pdf in Resources */ = {isa = PBXBuildFile; fileRef = 24ADAB8322169B1D00499926 /* Roboto_Specimen_Book.pdf */; };
		24ADAB9622169B1E00499926 /* Roboto-Italic.ttf in Resources */ = {isa = PBXBuildFile; fileRef = 24ADAB8422169B1D00499926 /* Roboto-Italic.ttf */; };
		24ADAB9722169B1E00499926 /* Roboto-Medium.ttf in Resources */ = {isa = PBXBuildFile; fileRef = 24ADAB8522169B1D00499926 /* Roboto-Medium.ttf */; };
		24ADAB9822169B1E00499926 /* Roboto-Black.ttf in Resources */ = {isa = PBXBuildFile; fileRef = 24ADAB8622169B1D00499926 /* Roboto-Black.ttf */; };
		24ADAB9922169B1E00499926 /* Roboto-Light.ttf in Resources */ = {isa = PBXBuildFile; fileRef = 24ADAB8722169B1D00499926 /* Roboto-Light.ttf */; };
		24ADAB9A22169B1E00499926 /* Roboto-Bold.ttf in Resources */ = {isa = PBXBuildFile; fileRef = 24ADAB8822169B1D00499926 /* Roboto-Bold.ttf */; };
		24ADAB9B22169B1E00499926 /* Roboto-BoldCondensed.ttf in Resources */ = {isa = PBXBuildFile; fileRef = 24ADAB8922169B1D00499926 /* Roboto-BoldCondensed.ttf */; };
		24ADAB9C22169B1E00499926 /* Roboto-LightItalic.ttf in Resources */ = {isa = PBXBuildFile; fileRef = 24ADAB8A22169B1D00499926 /* Roboto-LightItalic.ttf */; };
		24ADAB9D22169B1E00499926 /* Roboto-Thin.ttf in Resources */ = {isa = PBXBuildFile; fileRef = 24ADAB8B22169B1E00499926 /* Roboto-Thin.ttf */; };
		24ADAB9E22169B1E00499926 /* Roboto-BoldCondensedItalic.ttf in Resources */ = {isa = PBXBuildFile; fileRef = 24ADAB8C22169B1E00499926 /* Roboto-BoldCondensedItalic.ttf */; };
		24ADAB9F22169B1E00499926 /* Roboto-BoldItalic.ttf in Resources */ = {isa = PBXBuildFile; fileRef = 24ADAB8D22169B1E00499926 /* Roboto-BoldItalic.ttf */; };
		24ADABA022169B1E00499926 /* NOTICE.txt in Resources */ = {isa = PBXBuildFile; fileRef = 24ADAB8E22169B1E00499926 /* NOTICE.txt */; };
		24ADABA122169B1E00499926 /* Roboto-Condensed.ttf in Resources */ = {isa = PBXBuildFile; fileRef = 24ADAB8F22169B1E00499926 /* Roboto-Condensed.ttf */; };
		24ADABA222169B1E00499926 /* Roboto-CondensedItalic.ttf in Resources */ = {isa = PBXBuildFile; fileRef = 24ADAB9022169B1E00499926 /* Roboto-CondensedItalic.ttf */; };
		24ADABA322169B1E00499926 /* Roboto-BlackItalic.ttf in Resources */ = {isa = PBXBuildFile; fileRef = 24ADAB9122169B1E00499926 /* Roboto-BlackItalic.ttf */; };
		24ADABA422169B1E00499926 /* Roboto-MediumItalic.ttf in Resources */ = {isa = PBXBuildFile; fileRef = 24ADAB9222169B1E00499926 /* Roboto-MediumItalic.ttf */; };
		24ADABA522169B1E00499926 /* Roboto-ThinItalic.ttf in Resources */ = {isa = PBXBuildFile; fileRef = 24ADAB9322169B1E00499926 /* Roboto-ThinItalic.ttf */; };
		24ADABA722169CEC00499926 /* Assets.xcassets in Resources */ = {isa = PBXBuildFile; fileRef = 24ADABA622169CEC00499926 /* Assets.xcassets */; };
		24ADABAB2216A10000499926 /* HomeViewController.swift in Sources */ = {isa = PBXBuildFile; fileRef = 24ADABAA2216A10000499926 /* HomeViewController.swift */; };
		24ADABAD2216A11400499926 /* NearViewController.swift in Sources */ = {isa = PBXBuildFile; fileRef = 24ADABAC2216A11400499926 /* NearViewController.swift */; };
		24ADABAF2216A12C00499926 /* BrowseViewController.swift in Sources */ = {isa = PBXBuildFile; fileRef = 24ADABAE2216A12C00499926 /* BrowseViewController.swift */; };
		24ADABB12216A14800499926 /* MyPageViewController.swift in Sources */ = {isa = PBXBuildFile; fileRef = 24ADABB02216A14800499926 /* MyPageViewController.swift */; };
		24ADABB32216A1C200499926 /* Home.storyboard in Resources */ = {isa = PBXBuildFile; fileRef = 24ADABB22216A1C200499926 /* Home.storyboard */; };
		24ADABB52216A1CB00499926 /* Near.storyboard in Resources */ = {isa = PBXBuildFile; fileRef = 24ADABB42216A1CB00499926 /* Near.storyboard */; };
		24ADABB72216A1DD00499926 /* Browse.storyboard in Resources */ = {isa = PBXBuildFile; fileRef = 24ADABB62216A1DD00499926 /* Browse.storyboard */; };
		24ADABB92216A1E700499926 /* MyPage.storyboard in Resources */ = {isa = PBXBuildFile; fileRef = 24ADABB82216A1E700499926 /* MyPage.storyboard */; };
		24ADABBE2216A33900499926 /* CustomTabbarController.swift in Sources */ = {isa = PBXBuildFile; fileRef = 24ADABBD2216A33900499926 /* CustomTabbarController.swift */; };
		24ADABC12216BD9000499926 /* SegmentView.swift in Sources */ = {isa = PBXBuildFile; fileRef = 24ADABC02216BD9000499926 /* SegmentView.swift */; };
		24C4AA28222FA1B70039B3D4 /* NearService.swift in Sources */ = {isa = PBXBuildFile; fileRef = 24C4AA27222FA1B70039B3D4 /* NearService.swift */; };
		24E5466D221BB9AE003D1855 /* EventRealmModel.swift in Sources */ = {isa = PBXBuildFile; fileRef = 24E5466C221BB9AE003D1855 /* EventRealmModel.swift */; };
		24E5466F221BB9BC003D1855 /* EventDTO.swift in Sources */ = {isa = PBXBuildFile; fileRef = 24E5466E221BB9BC003D1855 /* EventDTO.swift */; };
		24E54671221BB9CC003D1855 /* Event.swift in Sources */ = {isa = PBXBuildFile; fileRef = 24E54670221BB9CC003D1855 /* Event.swift */; };
		24E54673221BDA00003D1855 /* Venue.swift in Sources */ = {isa = PBXBuildFile; fileRef = 24E54672221BDA00003D1855 /* Venue.swift */; };
		24E54675221BDA12003D1855 /* VenueDTO.swift in Sources */ = {isa = PBXBuildFile; fileRef = 24E54674221BDA12003D1855 /* VenueDTO.swift */; };
		24E54678221BFB5F003D1855 /* EventCell.swift in Sources */ = {isa = PBXBuildFile; fileRef = 24E54676221BFB5F003D1855 /* EventCell.swift */; };
		24E54679221BFB5F003D1855 /* EventCell.xib in Resources */ = {isa = PBXBuildFile; fileRef = 24E54677221BFB5F003D1855 /* EventCell.xib */; };
		49CCFFDD49640E5A4226D39B /* Pods_MockApp.framework in Frameworks */ = {isa = PBXBuildFile; fileRef = E34C98BD0C2AD0A4591B8B62 /* Pods_MockApp.framework */; };
		CEF588C2CD9C42F67E4D07A4 /* Pods_MockAppUITests.framework in Frameworks */ = {isa = PBXBuildFile; fileRef = 7B9DAEC9C80AD666325C2E00 /* Pods_MockAppUITests.framework */; };
		DC691732BACE0228F10B3461 /* Pods_MockAppTests.framework in Frameworks */ = {isa = PBXBuildFile; fileRef = 5ED870C3537D34F5A291E3A2 /* Pods_MockAppTests.framework */; };
/* End PBXBuildFile section */

/* Begin PBXContainerItemProxy section */
		24ADAB5D221695AA00499926 /* PBXContainerItemProxy */ = {
			isa = PBXContainerItemProxy;
			containerPortal = 24ADAB40221695A900499926 /* Project object */;
			proxyType = 1;
			remoteGlobalIDString = 24ADAB47221695A900499926;
			remoteInfo = MockApp;
		};
		24ADAB68221695AA00499926 /* PBXContainerItemProxy */ = {
			isa = PBXContainerItemProxy;
			containerPortal = 24ADAB40221695A900499926 /* Project object */;
			proxyType = 1;
			remoteGlobalIDString = 24ADAB47221695A900499926;
			remoteInfo = MockApp;
		};
/* End PBXContainerItemProxy section */

/* Begin PBXFileReference section */
		1532F561EBBDE54645BBC9A5 /* Pods-MockAppTests.debug.xcconfig */ = {isa = PBXFileReference; includeInIndex = 1; lastKnownFileType = text.xcconfig; name = "Pods-MockAppTests.debug.xcconfig"; path = "Pods/Target Support Files/Pods-MockAppTests/Pods-MockAppTests.debug.xcconfig"; sourceTree = "<group>"; };
		240C65292224C92900D57103 /* SecondEDCell.swift */ = {isa = PBXFileReference; lastKnownFileType = sourcecode.swift; path = SecondEDCell.swift; sourceTree = "<group>"; };
		240C652A2224C92900D57103 /* SecondEDCell.xib */ = {isa = PBXFileReference; lastKnownFileType = file.xib; path = SecondEDCell.xib; sourceTree = "<group>"; };
		240C652D2224D9AF00D57103 /* ThirdEDCell.swift */ = {isa = PBXFileReference; lastKnownFileType = sourcecode.swift; path = ThirdEDCell.swift; sourceTree = "<group>"; };
		240C652E2224D9AF00D57103 /* ThirdEDCell.xib */ = {isa = PBXFileReference; lastKnownFileType = file.xib; path = ThirdEDCell.xib; sourceTree = "<group>"; };
		240C65312224DD1B00D57103 /* EventPagerCell.swift */ = {isa = PBXFileReference; lastKnownFileType = sourcecode.swift; path = EventPagerCell.swift; sourceTree = "<group>"; };
		240C65322224DD1B00D57103 /* EventPagerCell.xib */ = {isa = PBXFileReference; lastKnownFileType = file.xib; path = EventPagerCell.xib; sourceTree = "<group>"; };
		241F4A9222320B3B001051F6 /* Custom.storyboard */ = {isa = PBXFileReference; lastKnownFileType = file.storyboard; path = Custom.storyboard; sourceTree = "<group>"; };
		241F4A9522320B96001051F6 /* MarkerDetailViewController.swift */ = {isa = PBXFileReference; lastKnownFileType = sourcecode.swift; path = MarkerDetailViewController.swift; sourceTree = "<group>"; };
		243A1A282223796B00967001 /* DateHeader.swift */ = {isa = PBXFileReference; lastKnownFileType = sourcecode.swift; path = DateHeader.swift; sourceTree = "<group>"; };
		243A1A292223796B00967001 /* DateHeader.xib */ = {isa = PBXFileReference; lastKnownFileType = file.xib; path = DateHeader.xib; sourceTree = "<group>"; };
		243A1A2C22237DC400967001 /* CommonTableModel.swift */ = {isa = PBXFileReference; lastKnownFileType = sourcecode.swift; path = CommonTableModel.swift; sourceTree = "<group>"; };
		245883962228C59D00635AB9 /* RealmManager.swift */ = {isa = PBXFileReference; lastKnownFileType = sourcecode.swift; path = RealmManager.swift; sourceTree = "<group>"; };
		245883982228C66300635AB9 /* Category.swift */ = {isa = PBXFileReference; lastKnownFileType = sourcecode.swift; path = Category.swift; sourceTree = "<group>"; };
		2458839C2228C79000635AB9 /* CategoryDTO.swift */ = {isa = PBXFileReference; lastKnownFileType = sourcecode.swift; path = CategoryDTO.swift; sourceTree = "<group>"; };
		2458839E2228C8E000635AB9 /* CategoryRealmModel.swift */ = {isa = PBXFileReference; lastKnownFileType = sourcecode.swift; path = CategoryRealmModel.swift; sourceTree = "<group>"; };
		245883A02228CA6700635AB9 /* BrowseService.swift */ = {isa = PBXFileReference; lastKnownFileType = sourcecode.swift; path = BrowseService.swift; sourceTree = "<group>"; };
		245883A42228CC1500635AB9 /* CategoryCell.swift */ = {isa = PBXFileReference; lastKnownFileType = sourcecode.swift; path = CategoryCell.swift; sourceTree = "<group>"; };
		245883A52228CC1500635AB9 /* CategoryCell.xib */ = {isa = PBXFileReference; lastKnownFileType = file.xib; path = CategoryCell.xib; sourceTree = "<group>"; };
		245CA1FD222CBCC00061BF7A /* EventByCategoryViewController.swift */ = {isa = PBXFileReference; lastKnownFileType = sourcecode.swift; path = EventByCategoryViewController.swift; sourceTree = "<group>"; };
		245CA201222D11CB0061BF7A /* VenueRealmModel.swift */ = {isa = PBXFileReference; lastKnownFileType = sourcecode.swift; path = VenueRealmModel.swift; sourceTree = "<group>"; };
		2460C608221D0F3400A7817B /* RegisterViewController.swift */ = {isa = PBXFileReference; lastKnownFileType = sourcecode.swift; path = RegisterViewController.swift; sourceTree = "<group>"; };
		2460C60A221D0F4B00A7817B /* MyListEventViewController.swift */ = {isa = PBXFileReference; lastKnownFileType = sourcecode.swift; path = MyListEventViewController.swift; sourceTree = "<group>"; };
		2460C60C221D3E5500A7817B /* LoginViewController.swift */ = {isa = PBXFileReference; lastKnownFileType = sourcecode.swift; path = LoginViewController.swift; sourceTree = "<group>"; };
		2460C60E221D3E7300A7817B /* ForgotPasswordViewController.swift */ = {isa = PBXFileReference; lastKnownFileType = sourcecode.swift; path = ForgotPasswordViewController.swift; sourceTree = "<group>"; };
		246BCA1C221E3299006D6C91 /* UITextFieldExtension.swift */ = {isa = PBXFileReference; lastKnownFileType = sourcecode.swift; path = UITextFieldExtension.swift; sourceTree = "<group>"; };
		246BCA1F221E3C29006D6C91 /* MyPageService.swift */ = {isa = PBXFileReference; lastKnownFileType = sourcecode.swift; path = MyPageService.swift; sourceTree = "<group>"; };
		246BCA21221E42CA006D6C91 /* UIVCExtension.swift */ = {isa = PBXFileReference; lastKnownFileType = sourcecode.swift; path = "UIVC\U0010Extension.swift"; sourceTree = "<group>"; };
		246BCA25221E9C8F006D6C91 /* Utils.swift */ = {isa = PBXFileReference; lastKnownFileType = sourcecode.swift; path = Utils.swift; sourceTree = "<group>"; };
		246BCA27221E9D79006D6C91 /* EventDetailViewController.swift */ = {isa = PBXFileReference; lastKnownFileType = sourcecode.swift; path = EventDetailViewController.swift; sourceTree = "<group>"; };
		246BCA29221EABCD006D6C91 /* GoingViewController.swift */ = {isa = PBXFileReference; lastKnownFileType = sourcecode.swift; path = GoingViewController.swift; sourceTree = "<group>"; };
		246BCA2B221EABE0006D6C91 /* WentViewController.swift */ = {isa = PBXFileReference; lastKnownFileType = sourcecode.swift; path = WentViewController.swift; sourceTree = "<group>"; };
		2472A86F222E5363009758AD /* SearchViewController.swift */ = {isa = PBXFileReference; lastKnownFileType = sourcecode.swift; path = SearchViewController.swift; sourceTree = "<group>"; };
		249532642223DB1600E1563F /* FirstEDCell.swift */ = {isa = PBXFileReference; lastKnownFileType = sourcecode.swift; path = FirstEDCell.swift; sourceTree = "<group>"; };
		249532652223DB1600E1563F /* FirstEDCell.xib */ = {isa = PBXFileReference; lastKnownFileType = file.xib; path = FirstEDCell.xib; sourceTree = "<group>"; };
		249532692223E06D00E1563F /* EventCellModel.swift */ = {isa = PBXFileReference; lastKnownFileType = sourcecode.swift; path = EventCellModel.swift; sourceTree = "<group>"; };
		24A496AE221A3E8100ABA699 /* NewsViewController.swift */ = {isa = PBXFileReference; lastKnownFileType = sourcecode.swift; path = NewsViewController.swift; sourceTree = "<group>"; };
		24A496B0221A404500ABA699 /* PopularViewController.swift */ = {isa = PBXFileReference; lastKnownFileType = sourcecode.swift; path = PopularViewController.swift; sourceTree = "<group>"; };
		24A496B5221A435100ABA699 /* NewsCell.swift */ = {isa = PBXFileReference; lastKnownFileType = sourcecode.swift; path = NewsCell.swift; sourceTree = "<group>"; };
		24A496B6221A435100ABA699 /* NewsCell.xib */ = {isa = PBXFileReference; lastKnownFileType = file.xib; path = NewsCell.xib; sourceTree = "<group>"; };
		24A496BA221A486300ABA699 /* News.swift */ = {isa = PBXFileReference; lastKnownFileType = sourcecode.swift; path = News.swift; sourceTree = "<group>"; };
		24A496BD221A5D8800ABA699 /* APIServiceAgent.swift */ = {isa = PBXFileReference; lastKnownFileType = sourcecode.swift; path = APIServiceAgent.swift; sourceTree = "<group>"; };
		24A496BF221A5DD400ABA699 /* APIServiceObject.swift */ = {isa = PBXFileReference; lastKnownFileType = sourcecode.swift; path = APIServiceObject.swift; sourceTree = "<group>"; };
		24A496C1221A5E0B00ABA699 /* APIRequestProvider.swift */ = {isa = PBXFileReference; lastKnownFileType = sourcecode.swift; path = APIRequestProvider.swift; sourceTree = "<group>"; };
		24A496C3221A5FFC00ABA699 /* HomeService.swift */ = {isa = PBXFileReference; lastKnownFileType = sourcecode.swift; path = HomeService.swift; sourceTree = "<group>"; };
		24A496C7221A605B00ABA699 /* NewsDTO.swift */ = {isa = PBXFileReference; lastKnownFileType = sourcecode.swift; path = NewsDTO.swift; sourceTree = "<group>"; };
		24A496CA221A8A2D00ABA699 /* Connectivity.swift */ = {isa = PBXFileReference; lastKnownFileType = sourcecode.swift; path = Connectivity.swift; sourceTree = "<group>"; };
		24A496CF221A8C5C00ABA699 /* UserPresfHelper.swift */ = {isa = PBXFileReference; lastKnownFileType = sourcecode.swift; path = UserPresfHelper.swift; sourceTree = "<group>"; };
		24A496D5221A917700ABA699 /* NewsRealmModel.swift */ = {isa = PBXFileReference; lastKnownFileType = sourcecode.swift; path = NewsRealmModel.swift; sourceTree = "<group>"; };
		24A496D9221A943400ABA699 /* ResultsExtension.swift */ = {isa = PBXFileReference; lastKnownFileType = sourcecode.swift; path = ResultsExtension.swift; sourceTree = "<group>"; };
		24A496DB221A9CA500ABA699 /* IntExtension.swift */ = {isa = PBXFileReference; lastKnownFileType = sourcecode.swift; path = IntExtension.swift; sourceTree = "<group>"; };
		24A496DF221A9EF600ABA699 /* UITabbarExtension.swift */ = {isa = PBXFileReference; lastKnownFileType = sourcecode.swift; path = UITabbarExtension.swift; sourceTree = "<group>"; };
		24A496E1221AA3C100ABA699 /* StringExtension.swift */ = {isa = PBXFileReference; lastKnownFileType = sourcecode.swift; path = StringExtension.swift; sourceTree = "<group>"; };
		24ADAB48221695A900499926 /* MockApp.app */ = {isa = PBXFileReference; explicitFileType = wrapper.application; includeInIndex = 0; path = MockApp.app; sourceTree = BUILT_PRODUCTS_DIR; };
		24ADAB4B221695A900499926 /* AppDelegate.swift */ = {isa = PBXFileReference; lastKnownFileType = sourcecode.swift; path = AppDelegate.swift; sourceTree = "<group>"; };
		24ADAB4D221695A900499926 /* ViewController.swift */ = {isa = PBXFileReference; lastKnownFileType = sourcecode.swift; path = ViewController.swift; sourceTree = "<group>"; };
		24ADAB50221695A900499926 /* Base */ = {isa = PBXFileReference; lastKnownFileType = file.storyboard; name = Base; path = Base.lproj/Main.storyboard; sourceTree = "<group>"; };
		24ADAB55221695AA00499926 /* Base */ = {isa = PBXFileReference; lastKnownFileType = file.storyboard; name = Base; path = Base.lproj/LaunchScreen.storyboard; sourceTree = "<group>"; };
		24ADAB57221695AA00499926 /* Info.plist */ = {isa = PBXFileReference; lastKnownFileType = text.plist.xml; path = Info.plist; sourceTree = "<group>"; };
		24ADAB5C221695AA00499926 /* MockAppTests.xctest */ = {isa = PBXFileReference; explicitFileType = wrapper.cfbundle; includeInIndex = 0; path = MockAppTests.xctest; sourceTree = BUILT_PRODUCTS_DIR; };
		24ADAB60221695AA00499926 /* MockAppTests.swift */ = {isa = PBXFileReference; lastKnownFileType = sourcecode.swift; path = MockAppTests.swift; sourceTree = "<group>"; };
		24ADAB62221695AA00499926 /* Info.plist */ = {isa = PBXFileReference; lastKnownFileType = text.plist.xml; path = Info.plist; sourceTree = "<group>"; };
		24ADAB67221695AA00499926 /* MockAppUITests.xctest */ = {isa = PBXFileReference; explicitFileType = wrapper.cfbundle; includeInIndex = 0; path = MockAppUITests.xctest; sourceTree = BUILT_PRODUCTS_DIR; };
		24ADAB6B221695AB00499926 /* MockAppUITests.swift */ = {isa = PBXFileReference; lastKnownFileType = sourcecode.swift; path = MockAppUITests.swift; sourceTree = "<group>"; };
		24ADAB6D221695AB00499926 /* Info.plist */ = {isa = PBXFileReference; lastKnownFileType = text.plist.xml; path = Info.plist; sourceTree = "<group>"; };
		24ADAB7B2216997800499926 /* R.generated.swift */ = {isa = PBXFileReference; fileEncoding = 4; lastKnownFileType = sourcecode.swift; path = R.generated.swift; sourceTree = "<group>"; };
		24ADAB7F22169AB700499926 /* UIColorExtension.swift */ = {isa = PBXFileReference; lastKnownFileType = sourcecode.swift; path = UIColorExtension.swift; sourceTree = "<group>"; };
		24ADAB8222169B1D00499926 /* Roboto-Regular.ttf */ = {isa = PBXFileReference; lastKnownFileType = file; path = "Roboto-Regular.ttf"; sourceTree = "<group>"; };
		24ADAB8322169B1D00499926 /* Roboto_Specimen_Book.pdf */ = {isa = PBXFileReference; lastKnownFileType = image.pdf; path = Roboto_Specimen_Book.pdf; sourceTree = "<group>"; };
		24ADAB8422169B1D00499926 /* Roboto-Italic.ttf */ = {isa = PBXFileReference; lastKnownFileType = file; path = "Roboto-Italic.ttf"; sourceTree = "<group>"; };
		24ADAB8522169B1D00499926 /* Roboto-Medium.ttf */ = {isa = PBXFileReference; lastKnownFileType = file; path = "Roboto-Medium.ttf"; sourceTree = "<group>"; };
		24ADAB8622169B1D00499926 /* Roboto-Black.ttf */ = {isa = PBXFileReference; lastKnownFileType = file; path = "Roboto-Black.ttf"; sourceTree = "<group>"; };
		24ADAB8722169B1D00499926 /* Roboto-Light.ttf */ = {isa = PBXFileReference; lastKnownFileType = file; path = "Roboto-Light.ttf"; sourceTree = "<group>"; };
		24ADAB8822169B1D00499926 /* Roboto-Bold.ttf */ = {isa = PBXFileReference; lastKnownFileType = file; path = "Roboto-Bold.ttf"; sourceTree = "<group>"; };
		24ADAB8922169B1D00499926 /* Roboto-BoldCondensed.ttf */ = {isa = PBXFileReference; lastKnownFileType = file; path = "Roboto-BoldCondensed.ttf"; sourceTree = "<group>"; };
		24ADAB8A22169B1D00499926 /* Roboto-LightItalic.ttf */ = {isa = PBXFileReference; lastKnownFileType = file; path = "Roboto-LightItalic.ttf"; sourceTree = "<group>"; };
		24ADAB8B22169B1E00499926 /* Roboto-Thin.ttf */ = {isa = PBXFileReference; lastKnownFileType = file; path = "Roboto-Thin.ttf"; sourceTree = "<group>"; };
		24ADAB8C22169B1E00499926 /* Roboto-BoldCondensedItalic.ttf */ = {isa = PBXFileReference; lastKnownFileType = file; path = "Roboto-BoldCondensedItalic.ttf"; sourceTree = "<group>"; };
		24ADAB8D22169B1E00499926 /* Roboto-BoldItalic.ttf */ = {isa = PBXFileReference; lastKnownFileType = file; path = "Roboto-BoldItalic.ttf"; sourceTree = "<group>"; };
		24ADAB8E22169B1E00499926 /* NOTICE.txt */ = {isa = PBXFileReference; fileEncoding = 4; lastKnownFileType = text; path = NOTICE.txt; sourceTree = "<group>"; };
		24ADAB8F22169B1E00499926 /* Roboto-Condensed.ttf */ = {isa = PBXFileReference; lastKnownFileType = file; path = "Roboto-Condensed.ttf"; sourceTree = "<group>"; };
		24ADAB9022169B1E00499926 /* Roboto-CondensedItalic.ttf */ = {isa = PBXFileReference; lastKnownFileType = file; path = "Roboto-CondensedItalic.ttf"; sourceTree = "<group>"; };
		24ADAB9122169B1E00499926 /* Roboto-BlackItalic.ttf */ = {isa = PBXFileReference; lastKnownFileType = file; path = "Roboto-BlackItalic.ttf"; sourceTree = "<group>"; };
		24ADAB9222169B1E00499926 /* Roboto-MediumItalic.ttf */ = {isa = PBXFileReference; lastKnownFileType = file; path = "Roboto-MediumItalic.ttf"; sourceTree = "<group>"; };
		24ADAB9322169B1E00499926 /* Roboto-ThinItalic.ttf */ = {isa = PBXFileReference; lastKnownFileType = file; path = "Roboto-ThinItalic.ttf"; sourceTree = "<group>"; };
		24ADABA622169CEC00499926 /* Assets.xcassets */ = {isa = PBXFileReference; lastKnownFileType = folder.assetcatalog; path = Assets.xcassets; sourceTree = "<group>"; };
		24ADABAA2216A10000499926 /* HomeViewController.swift */ = {isa = PBXFileReference; lastKnownFileType = sourcecode.swift; path = HomeViewController.swift; sourceTree = "<group>"; };
		24ADABAC2216A11400499926 /* NearViewController.swift */ = {isa = PBXFileReference; lastKnownFileType = sourcecode.swift; path = NearViewController.swift; sourceTree = "<group>"; };
		24ADABAE2216A12C00499926 /* BrowseViewController.swift */ = {isa = PBXFileReference; lastKnownFileType = sourcecode.swift; path = BrowseViewController.swift; sourceTree = "<group>"; };
		24ADABB02216A14800499926 /* MyPageViewController.swift */ = {isa = PBXFileReference; lastKnownFileType = sourcecode.swift; path = MyPageViewController.swift; sourceTree = "<group>"; };
		24ADABB22216A1C200499926 /* Home.storyboard */ = {isa = PBXFileReference; lastKnownFileType = file.storyboard; path = Home.storyboard; sourceTree = "<group>"; };
		24ADABB42216A1CB00499926 /* Near.storyboard */ = {isa = PBXFileReference; lastKnownFileType = file.storyboard; path = Near.storyboard; sourceTree = "<group>"; };
		24ADABB62216A1DD00499926 /* Browse.storyboard */ = {isa = PBXFileReference; lastKnownFileType = file.storyboard; path = Browse.storyboard; sourceTree = "<group>"; };
		24ADABB82216A1E700499926 /* MyPage.storyboard */ = {isa = PBXFileReference; lastKnownFileType = file.storyboard; path = MyPage.storyboard; sourceTree = "<group>"; };
		24ADABBD2216A33900499926 /* CustomTabbarController.swift */ = {isa = PBXFileReference; fileEncoding = 4; lastKnownFileType = sourcecode.swift; path = CustomTabbarController.swift; sourceTree = "<group>"; };
		24ADABC02216BD9000499926 /* SegmentView.swift */ = {isa = PBXFileReference; lastKnownFileType = sourcecode.swift; path = SegmentView.swift; sourceTree = "<group>"; };
		24C4AA27222FA1B70039B3D4 /* NearService.swift */ = {isa = PBXFileReference; lastKnownFileType = sourcecode.swift; path = NearService.swift; sourceTree = "<group>"; };
		24E5466C221BB9AE003D1855 /* EventRealmModel.swift */ = {isa = PBXFileReference; lastKnownFileType = sourcecode.swift; path = EventRealmModel.swift; sourceTree = "<group>"; };
		24E5466E221BB9BC003D1855 /* EventDTO.swift */ = {isa = PBXFileReference; lastKnownFileType = sourcecode.swift; path = EventDTO.swift; sourceTree = "<group>"; };
		24E54670221BB9CC003D1855 /* Event.swift */ = {isa = PBXFileReference; lastKnownFileType = sourcecode.swift; path = Event.swift; sourceTree = "<group>"; };
		24E54672221BDA00003D1855 /* Venue.swift */ = {isa = PBXFileReference; lastKnownFileType = sourcecode.swift; path = Venue.swift; sourceTree = "<group>"; };
		24E54674221BDA12003D1855 /* VenueDTO.swift */ = {isa = PBXFileReference; lastKnownFileType = sourcecode.swift; path = VenueDTO.swift; sourceTree = "<group>"; };
		24E54676221BFB5F003D1855 /* EventCell.swift */ = {isa = PBXFileReference; lastKnownFileType = sourcecode.swift; path = EventCell.swift; sourceTree = "<group>"; };
		24E54677221BFB5F003D1855 /* EventCell.xib */ = {isa = PBXFileReference; lastKnownFileType = file.xib; path = EventCell.xib; sourceTree = "<group>"; };
		5ED870C3537D34F5A291E3A2 /* Pods_MockAppTests.framework */ = {isa = PBXFileReference; explicitFileType = wrapper.framework; includeInIndex = 0; path = Pods_MockAppTests.framework; sourceTree = BUILT_PRODUCTS_DIR; };
		7B9DAEC9C80AD666325C2E00 /* Pods_MockAppUITests.framework */ = {isa = PBXFileReference; explicitFileType = wrapper.framework; includeInIndex = 0; path = Pods_MockAppUITests.framework; sourceTree = BUILT_PRODUCTS_DIR; };
		B0AE2BE7F466AD7D0B8F7E3F /* Pods-MockAppTests.release.xcconfig */ = {isa = PBXFileReference; includeInIndex = 1; lastKnownFileType = text.xcconfig; name = "Pods-MockAppTests.release.xcconfig"; path = "Pods/Target Support Files/Pods-MockAppTests/Pods-MockAppTests.release.xcconfig"; sourceTree = "<group>"; };
		B4D84763931C3366140FC7FE /* Pods-MockAppUITests.debug.xcconfig */ = {isa = PBXFileReference; includeInIndex = 1; lastKnownFileType = text.xcconfig; name = "Pods-MockAppUITests.debug.xcconfig"; path = "Pods/Target Support Files/Pods-MockAppUITests/Pods-MockAppUITests.debug.xcconfig"; sourceTree = "<group>"; };
		BEEF5656657E64C2D07C21C0 /* Pods-MockApp.debug.xcconfig */ = {isa = PBXFileReference; includeInIndex = 1; lastKnownFileType = text.xcconfig; name = "Pods-MockApp.debug.xcconfig"; path = "Pods/Target Support Files/Pods-MockApp/Pods-MockApp.debug.xcconfig"; sourceTree = "<group>"; };
		CEE389D4C625A5A13115F637 /* Pods-MockApp.release.xcconfig */ = {isa = PBXFileReference; includeInIndex = 1; lastKnownFileType = text.xcconfig; name = "Pods-MockApp.release.xcconfig"; path = "Pods/Target Support Files/Pods-MockApp/Pods-MockApp.release.xcconfig"; sourceTree = "<group>"; };
		E34C98BD0C2AD0A4591B8B62 /* Pods_MockApp.framework */ = {isa = PBXFileReference; explicitFileType = wrapper.framework; includeInIndex = 0; path = Pods_MockApp.framework; sourceTree = BUILT_PRODUCTS_DIR; };
		F2186EC53E99E40691450E34 /* Pods-MockAppUITests.release.xcconfig */ = {isa = PBXFileReference; includeInIndex = 1; lastKnownFileType = text.xcconfig; name = "Pods-MockAppUITests.release.xcconfig"; path = "Pods/Target Support Files/Pods-MockAppUITests/Pods-MockAppUITests.release.xcconfig"; sourceTree = "<group>"; };
/* End PBXFileReference section */

/* Begin PBXFrameworksBuildPhase section */
		24ADAB45221695A900499926 /* Frameworks */ = {
			isa = PBXFrameworksBuildPhase;
			buildActionMask = 2147483647;
			files = (
				49CCFFDD49640E5A4226D39B /* Pods_MockApp.framework in Frameworks */,
			);
			runOnlyForDeploymentPostprocessing = 0;
		};
		24ADAB59221695AA00499926 /* Frameworks */ = {
			isa = PBXFrameworksBuildPhase;
			buildActionMask = 2147483647;
			files = (
				DC691732BACE0228F10B3461 /* Pods_MockAppTests.framework in Frameworks */,
			);
			runOnlyForDeploymentPostprocessing = 0;
		};
		24ADAB64221695AA00499926 /* Frameworks */ = {
			isa = PBXFrameworksBuildPhase;
			buildActionMask = 2147483647;
			files = (
				CEF588C2CD9C42F67E4D07A4 /* Pods_MockAppUITests.framework in Frameworks */,
			);
			runOnlyForDeploymentPostprocessing = 0;
		};
/* End PBXFrameworksBuildPhase section */

/* Begin PBXGroup section */
		22434E8398AF368DD65FDA5C /* Frameworks */ = {
			isa = PBXGroup;
			children = (
				E34C98BD0C2AD0A4591B8B62 /* Pods_MockApp.framework */,
				5ED870C3537D34F5A291E3A2 /* Pods_MockAppTests.framework */,
				7B9DAEC9C80AD666325C2E00 /* Pods_MockAppUITests.framework */,
			);
			name = Frameworks;
			sourceTree = "<group>";
		};
		241F4A9422320B6C001051F6 /* Near */ = {
			isa = PBXGroup;
			children = (
				241F4A9522320B96001051F6 /* MarkerDetailViewController.swift */,
			);
			path = Near;
			sourceTree = "<group>";
		};
		243A1A272223792A00967001 /* Header */ = {
			isa = PBXGroup;
			children = (
				243A1A282223796B00967001 /* DateHeader.swift */,
				243A1A292223796B00967001 /* DateHeader.xib */,
			);
			path = Header;
			sourceTree = "<group>";
		};
		245883A22228CBBA00635AB9 /* Browse */ = {
			isa = PBXGroup;
			children = (
				245883A32228CBF200635AB9 /* CategoryCell */,
				245CA1FD222CBCC00061BF7A /* EventByCategoryViewController.swift */,
				2472A86F222E5363009758AD /* SearchViewController.swift */,
			);
			path = Browse;
			sourceTree = "<group>";
		};
		245883A32228CBF200635AB9 /* CategoryCell */ = {
			isa = PBXGroup;
			children = (
				245883A42228CC1500635AB9 /* CategoryCell.swift */,
				245883A52228CC1500635AB9 /* CategoryCell.xib */,
			);
			path = CategoryCell;
			sourceTree = "<group>";
		};
		2460C607221D0F0E00A7817B /* MyPage */ = {
			isa = PBXGroup;
			children = (
				243A1A272223792A00967001 /* Header */,
				2460C608221D0F3400A7817B /* RegisterViewController.swift */,
				2460C60A221D0F4B00A7817B /* MyListEventViewController.swift */,
				2460C60C221D3E5500A7817B /* LoginViewController.swift */,
				2460C60E221D3E7300A7817B /* ForgotPasswordViewController.swift */,
				246BCA27221E9D79006D6C91 /* EventDetailViewController.swift */,
				246BCA29221EABCD006D6C91 /* GoingViewController.swift */,
				246BCA2B221EABE0006D6C91 /* WentViewController.swift */,
			);
			path = MyPage;
			sourceTree = "<group>";
		};
		249532632223DA3300E1563F /* DetailEventCells */ = {
			isa = PBXGroup;
			children = (
				249532642223DB1600E1563F /* FirstEDCell.swift */,
				249532652223DB1600E1563F /* FirstEDCell.xib */,
				240C65292224C92900D57103 /* SecondEDCell.swift */,
				240C652A2224C92900D57103 /* SecondEDCell.xib */,
				240C652D2224D9AF00D57103 /* ThirdEDCell.swift */,
				240C652E2224D9AF00D57103 /* ThirdEDCell.xib */,
			);
			path = DetailEventCells;
			sourceTree = "<group>";
		};
		24A496B2221A42BD00ABA699 /* Home */ = {
			isa = PBXGroup;
			children = (
				249532632223DA3300E1563F /* DetailEventCells */,
				24A496B4221A42DA00ABA699 /* PopularCell */,
				24A496B3221A42CF00ABA699 /* NewsCell */,
				24A496AE221A3E8100ABA699 /* NewsViewController.swift */,
				24A496B0221A404500ABA699 /* PopularViewController.swift */,
			);
			path = Home;
			sourceTree = "<group>";
		};
		24A496B3221A42CF00ABA699 /* NewsCell */ = {
			isa = PBXGroup;
			children = (
				24A496B5221A435100ABA699 /* NewsCell.swift */,
				24A496B6221A435100ABA699 /* NewsCell.xib */,
			);
			path = NewsCell;
			sourceTree = "<group>";
		};
		24A496B4221A42DA00ABA699 /* PopularCell */ = {
			isa = PBXGroup;
			children = (
				24E54676221BFB5F003D1855 /* EventCell.swift */,
				24E54677221BFB5F003D1855 /* EventCell.xib */,
				240C65312224DD1B00D57103 /* EventPagerCell.swift */,
				240C65322224DD1B00D57103 /* EventPagerCell.xib */,
			);
			path = PopularCell;
			sourceTree = "<group>";
		};
		24A496B9221A485500ABA699 /* Models */ = {
			isa = PBXGroup;
			children = (
				24A496D4221A916300ABA699 /* RealmModel */,
				24A496C6221A604A00ABA699 /* DTOs */,
				24A496C5221A604300ABA699 /* Model */,
			);
			path = Models;
			sourceTree = "<group>";
		};
		24A496BC221A5CC200ABA699 /* Service */ = {
			isa = PBXGroup;
			children = (
				24A496BD221A5D8800ABA699 /* APIServiceAgent.swift */,
				24A496BF221A5DD400ABA699 /* APIServiceObject.swift */,
				24A496C1221A5E0B00ABA699 /* APIRequestProvider.swift */,
				24A496C3221A5FFC00ABA699 /* HomeService.swift */,
				246BCA1F221E3C29006D6C91 /* MyPageService.swift */,
				245883A02228CA6700635AB9 /* BrowseService.swift */,
				24C4AA27222FA1B70039B3D4 /* NearService.swift */,
			);
			name = Service;
			sourceTree = "<group>";
		};
		24A496C5221A604300ABA699 /* Model */ = {
			isa = PBXGroup;
			children = (
				24A496BA221A486300ABA699 /* News.swift */,
				24E54670221BB9CC003D1855 /* Event.swift */,
				24E54672221BDA00003D1855 /* Venue.swift */,
				243A1A2C22237DC400967001 /* CommonTableModel.swift */,
				249532692223E06D00E1563F /* EventCellModel.swift */,
				245883982228C66300635AB9 /* Category.swift */,
			);
			path = Model;
			sourceTree = "<group>";
		};
		24A496C6221A604A00ABA699 /* DTOs */ = {
			isa = PBXGroup;
			children = (
				2458839C2228C79000635AB9 /* CategoryDTO.swift */,
				24A496C7221A605B00ABA699 /* NewsDTO.swift */,
				24E5466E221BB9BC003D1855 /* EventDTO.swift */,
				24E54674221BDA12003D1855 /* VenueDTO.swift */,
			);
			path = DTOs;
			sourceTree = "<group>";
		};
		24A496C9221A8A0600ABA699 /* Constant */ = {
			isa = PBXGroup;
			children = (
				24A496CA221A8A2D00ABA699 /* Connectivity.swift */,
			);
			path = Constant;
			sourceTree = "<group>";
		};
		24A496CC221A8B4700ABA699 /* Utilities */ = {
			isa = PBXGroup;
			children = (
				24A496CF221A8C5C00ABA699 /* UserPresfHelper.swift */,
				246BCA25221E9C8F006D6C91 /* Utils.swift */,
			);
			path = Utilities;
			sourceTree = "<group>";
		};
		24A496D1221A90BA00ABA699 /* RealmManager */ = {
			isa = PBXGroup;
			children = (
				245883962228C59D00635AB9 /* RealmManager.swift */,
			);
			path = RealmManager;
			sourceTree = "<group>";
		};
		24A496D4221A916300ABA699 /* RealmModel */ = {
			isa = PBXGroup;
			children = (
				24A496D5221A917700ABA699 /* NewsRealmModel.swift */,
				24E5466C221BB9AE003D1855 /* EventRealmModel.swift */,
				2458839E2228C8E000635AB9 /* CategoryRealmModel.swift */,
				245CA201222D11CB0061BF7A /* VenueRealmModel.swift */,
			);
			path = RealmModel;
			sourceTree = "<group>";
		};
		24ADAB3F221695A900499926 = {
			isa = PBXGroup;
			children = (
				24ADAB4A221695A900499926 /* MockApp */,
				24ADAB5F221695AA00499926 /* MockAppTests */,
				24ADAB6A221695AA00499926 /* MockAppUITests */,
				24ADAB49221695A900499926 /* Products */,
				ACBCDB06ED14C602854B1DB5 /* Pods */,
				22434E8398AF368DD65FDA5C /* Frameworks */,
			);
			sourceTree = "<group>";
		};
		24ADAB49221695A900499926 /* Products */ = {
			isa = PBXGroup;
			children = (
				24ADAB48221695A900499926 /* MockApp.app */,
				24ADAB5C221695AA00499926 /* MockAppTests.xctest */,
				24ADAB67221695AA00499926 /* MockAppUITests.xctest */,
			);
			name = Products;
			sourceTree = "<group>";
		};
		24ADAB4A221695A900499926 /* MockApp */ = {
			isa = PBXGroup;
			children = (
				24ADABA622169CEC00499926 /* Assets.xcassets */,
				24A496BC221A5CC200ABA699 /* Service */,
				24ADABA92216A0DA00499926 /* ViewControllers */,
				24ADABA82216A0D000499926 /* UIs */,
				24A496B9221A485500ABA699 /* Models */,
				24ADAB7D22169A6A00499926 /* Helper */,
				24ADAB792216986100499926 /* Resources */,
				24ADAB4B221695A900499926 /* AppDelegate.swift */,
				24ADAB4D221695A900499926 /* ViewController.swift */,
				24ADAB4F221695A900499926 /* Main.storyboard */,
				24ADAB54221695AA00499926 /* LaunchScreen.storyboard */,
				24ADAB57221695AA00499926 /* Info.plist */,
			);
			path = MockApp;
			sourceTree = "<group>";
		};
		24ADAB5F221695AA00499926 /* MockAppTests */ = {
			isa = PBXGroup;
			children = (
				24ADAB60221695AA00499926 /* MockAppTests.swift */,
				24ADAB62221695AA00499926 /* Info.plist */,
			);
			path = MockAppTests;
			sourceTree = "<group>";
		};
		24ADAB6A221695AA00499926 /* MockAppUITests */ = {
			isa = PBXGroup;
			children = (
				24ADAB6B221695AB00499926 /* MockAppUITests.swift */,
				24ADAB6D221695AB00499926 /* Info.plist */,
			);
			path = MockAppUITests;
			sourceTree = "<group>";
		};
		24ADAB792216986100499926 /* Resources */ = {
			isa = PBXGroup;
			children = (
				24ADAB8122169AE900499926 /* Fonts */,
				24ADAB7B2216997800499926 /* R.generated.swift */,
			);
			path = Resources;
			sourceTree = "<group>";
		};
		24ADAB7D22169A6A00499926 /* Helper */ = {
			isa = PBXGroup;
			children = (
				24A496D1221A90BA00ABA699 /* RealmManager */,
				24A496CC221A8B4700ABA699 /* Utilities */,
				24A496C9221A8A0600ABA699 /* Constant */,
				24ADABBF2216BD7900499926 /* CustomView */,
				24ADAB7E22169A7F00499926 /* Extension */,
			);
			path = Helper;
			sourceTree = "<group>";
		};
		24ADAB7E22169A7F00499926 /* Extension */ = {
			isa = PBXGroup;
			children = (
				24ADAB7F22169AB700499926 /* UIColorExtension.swift */,
				24A496D9221A943400ABA699 /* ResultsExtension.swift */,
				24A496DB221A9CA500ABA699 /* IntExtension.swift */,
				24A496DF221A9EF600ABA699 /* UITabbarExtension.swift */,
				24A496E1221AA3C100ABA699 /* StringExtension.swift */,
				246BCA1C221E3299006D6C91 /* UITextFieldExtension.swift */,
				246BCA21221E42CA006D6C91 /* UIVCExtension.swift */,
			);
			path = Extension;
			sourceTree = "<group>";
		};
		24ADAB8122169AE900499926 /* Fonts */ = {
			isa = PBXGroup;
			children = (
				24ADAB8E22169B1E00499926 /* NOTICE.txt */,
				24ADAB8322169B1D00499926 /* Roboto_Specimen_Book.pdf */,
				24ADAB8622169B1D00499926 /* Roboto-Black.ttf */,
				24ADAB9122169B1E00499926 /* Roboto-BlackItalic.ttf */,
				24ADAB8822169B1D00499926 /* Roboto-Bold.ttf */,
				24ADAB8922169B1D00499926 /* Roboto-BoldCondensed.ttf */,
				24ADAB8C22169B1E00499926 /* Roboto-BoldCondensedItalic.ttf */,
				24ADAB8D22169B1E00499926 /* Roboto-BoldItalic.ttf */,
				24ADAB8F22169B1E00499926 /* Roboto-Condensed.ttf */,
				24ADAB9022169B1E00499926 /* Roboto-CondensedItalic.ttf */,
				24ADAB8422169B1D00499926 /* Roboto-Italic.ttf */,
				24ADAB8722169B1D00499926 /* Roboto-Light.ttf */,
				24ADAB8A22169B1D00499926 /* Roboto-LightItalic.ttf */,
				24ADAB8522169B1D00499926 /* Roboto-Medium.ttf */,
				24ADAB9222169B1E00499926 /* Roboto-MediumItalic.ttf */,
				24ADAB8222169B1D00499926 /* Roboto-Regular.ttf */,
				24ADAB8B22169B1E00499926 /* Roboto-Thin.ttf */,
				24ADAB9322169B1E00499926 /* Roboto-ThinItalic.ttf */,
			);
			path = Fonts;
			sourceTree = "<group>";
		};
		24ADABA82216A0D000499926 /* UIs */ = {
			isa = PBXGroup;
			children = (
				24ADABB22216A1C200499926 /* Home.storyboard */,
				24ADABB42216A1CB00499926 /* Near.storyboard */,
				24ADABB62216A1DD00499926 /* Browse.storyboard */,
				24ADABB82216A1E700499926 /* MyPage.storyboard */,
				241F4A9222320B3B001051F6 /* Custom.storyboard */,
			);
			path = UIs;
			sourceTree = "<group>";
		};
		24ADABA92216A0DA00499926 /* ViewControllers */ = {
			isa = PBXGroup;
			children = (
				241F4A9422320B6C001051F6 /* Near */,
				245883A22228CBBA00635AB9 /* Browse */,
				2460C607221D0F0E00A7817B /* MyPage */,
				24A496B2221A42BD00ABA699 /* Home */,
				24ADABBC2216A33900499926 /* CustomTabbarViewController */,
				24ADABAC2216A11400499926 /* NearViewController.swift */,
				24ADABAE2216A12C00499926 /* BrowseViewController.swift */,
				24ADABB02216A14800499926 /* MyPageViewController.swift */,
				24ADABAA2216A10000499926 /* HomeViewController.swift */,
			);
			path = ViewControllers;
			sourceTree = "<group>";
		};
		24ADABBC2216A33900499926 /* CustomTabbarViewController */ = {
			isa = PBXGroup;
			children = (
				24ADABBD2216A33900499926 /* CustomTabbarController.swift */,
			);
			path = CustomTabbarViewController;
			sourceTree = "<group>";
		};
		24ADABBF2216BD7900499926 /* CustomView */ = {
			isa = PBXGroup;
			children = (
				24ADABC02216BD9000499926 /* SegmentView.swift */,
			);
			path = CustomView;
			sourceTree = "<group>";
		};
		ACBCDB06ED14C602854B1DB5 /* Pods */ = {
			isa = PBXGroup;
			children = (
				BEEF5656657E64C2D07C21C0 /* Pods-MockApp.debug.xcconfig */,
				CEE389D4C625A5A13115F637 /* Pods-MockApp.release.xcconfig */,
				1532F561EBBDE54645BBC9A5 /* Pods-MockAppTests.debug.xcconfig */,
				B0AE2BE7F466AD7D0B8F7E3F /* Pods-MockAppTests.release.xcconfig */,
				B4D84763931C3366140FC7FE /* Pods-MockAppUITests.debug.xcconfig */,
				F2186EC53E99E40691450E34 /* Pods-MockAppUITests.release.xcconfig */,
			);
			name = Pods;
			sourceTree = "<group>";
		};
/* End PBXGroup section */

/* Begin PBXNativeTarget section */
		24ADAB47221695A900499926 /* MockApp */ = {
			isa = PBXNativeTarget;
			buildConfigurationList = 24ADAB70221695AB00499926 /* Build configuration list for PBXNativeTarget "MockApp" */;
			buildPhases = (
				C8CB86BC768AA1619AAD8DED /* [CP] Check Pods Manifest.lock */,
				24ADAB7A2216988D00499926 /* ShellScript */,
				24ADAB44221695A900499926 /* Sources */,
				24ADAB45221695A900499926 /* Frameworks */,
				24ADAB46221695A900499926 /* Resources */,
				260F9A1069C6602AA7D7EF5A /* [CP] Embed Pods Frameworks */,
				6DB09A74268CA65D2D434F2F /* [CP] Copy Pods Resources */,
			);
			buildRules = (
			);
			dependencies = (
			);
			name = MockApp;
			productName = MockApp;
			productReference = 24ADAB48221695A900499926 /* MockApp.app */;
			productType = "com.apple.product-type.application";
		};
		24ADAB5B221695AA00499926 /* MockAppTests */ = {
			isa = PBXNativeTarget;
			buildConfigurationList = 24ADAB73221695AB00499926 /* Build configuration list for PBXNativeTarget "MockAppTests" */;
			buildPhases = (
				856CA3A6EBB83AEDC68B3833 /* [CP] Check Pods Manifest.lock */,
				24ADAB58221695AA00499926 /* Sources */,
				24ADAB59221695AA00499926 /* Frameworks */,
				24ADAB5A221695AA00499926 /* Resources */,
			);
			buildRules = (
			);
			dependencies = (
				24ADAB5E221695AA00499926 /* PBXTargetDependency */,
			);
			name = MockAppTests;
			productName = MockAppTests;
			productReference = 24ADAB5C221695AA00499926 /* MockAppTests.xctest */;
			productType = "com.apple.product-type.bundle.unit-test";
		};
		24ADAB66221695AA00499926 /* MockAppUITests */ = {
			isa = PBXNativeTarget;
			buildConfigurationList = 24ADAB76221695AB00499926 /* Build configuration list for PBXNativeTarget "MockAppUITests" */;
			buildPhases = (
				C9C86289F58167243DB88189 /* [CP] Check Pods Manifest.lock */,
				24ADAB63221695AA00499926 /* Sources */,
				24ADAB64221695AA00499926 /* Frameworks */,
				24ADAB65221695AA00499926 /* Resources */,
			);
			buildRules = (
			);
			dependencies = (
				24ADAB69221695AA00499926 /* PBXTargetDependency */,
			);
			name = MockAppUITests;
			productName = MockAppUITests;
			productReference = 24ADAB67221695AA00499926 /* MockAppUITests.xctest */;
			productType = "com.apple.product-type.bundle.ui-testing";
		};
/* End PBXNativeTarget section */

/* Begin PBXProject section */
		24ADAB40221695A900499926 /* Project object */ = {
			isa = PBXProject;
			attributes = {
				LastSwiftUpdateCheck = 1010;
				LastUpgradeCheck = 1010;
				ORGANIZATIONNAME = tund;
				TargetAttributes = {
					24ADAB47221695A900499926 = {
						CreatedOnToolsVersion = 10.1;
					};
					24ADAB5B221695AA00499926 = {
						CreatedOnToolsVersion = 10.1;
						TestTargetID = 24ADAB47221695A900499926;
					};
					24ADAB66221695AA00499926 = {
						CreatedOnToolsVersion = 10.1;
						TestTargetID = 24ADAB47221695A900499926;
					};
				};
			};
			buildConfigurationList = 24ADAB43221695A900499926 /* Build configuration list for PBXProject "MockApp" */;
			compatibilityVersion = "Xcode 9.3";
			developmentRegion = en;
			hasScannedForEncodings = 0;
			knownRegions = (
				en,
				Base,
			);
			mainGroup = 24ADAB3F221695A900499926;
			productRefGroup = 24ADAB49221695A900499926 /* Products */;
			projectDirPath = "";
			projectRoot = "";
			targets = (
				24ADAB47221695A900499926 /* MockApp */,
				24ADAB5B221695AA00499926 /* MockAppTests */,
				24ADAB66221695AA00499926 /* MockAppUITests */,
			);
		};
/* End PBXProject section */

/* Begin PBXResourcesBuildPhase section */
		24ADAB46221695A900499926 /* Resources */ = {
			isa = PBXResourcesBuildPhase;
			buildActionMask = 2147483647;
			files = (
				240C65302224D9AF00D57103 /* ThirdEDCell.xib in Resources */,
				24ADABA122169B1E00499926 /* Roboto-Condensed.ttf in Resources */,
				24ADABB32216A1C200499926 /* Home.storyboard in Resources */,
				24ADAB9522169B1E00499926 /* Roboto_Specimen_Book.pdf in Resources */,
				24ADAB9622169B1E00499926 /* Roboto-Italic.ttf in Resources */,
				24ADABA522169B1E00499926 /* Roboto-ThinItalic.ttf in Resources */,
				24ADABA722169CEC00499926 /* Assets.xcassets in Resources */,
				240C652C2224C92900D57103 /* SecondEDCell.xib in Resources */,
				24ADAB9C22169B1E00499926 /* Roboto-LightItalic.ttf in Resources */,
				24ADAB9F22169B1E00499926 /* Roboto-BoldItalic.ttf in Resources */,
				24ADAB9A22169B1E00499926 /* Roboto-Bold.ttf in Resources */,
				241F4A9322320B3B001051F6 /* Custom.storyboard in Resources */,
				249532672223DB1700E1563F /* FirstEDCell.xib in Resources */,
				24ADAB9822169B1E00499926 /* Roboto-Black.ttf in Resources */,
				24ADABA322169B1E00499926 /* Roboto-BlackItalic.ttf in Resources */,
				24ADAB9B22169B1E00499926 /* Roboto-BoldCondensed.ttf in Resources */,
				24ADAB9722169B1E00499926 /* Roboto-Medium.ttf in Resources */,
				24ADABA022169B1E00499926 /* NOTICE.txt in Resources */,
				24ADAB9422169B1E00499926 /* Roboto-Regular.ttf in Resources */,
				245883A72228CC1500635AB9 /* CategoryCell.xib in Resources */,
				24ADABA222169B1E00499926 /* Roboto-CondensedItalic.ttf in Resources */,
				24ADAB9E22169B1E00499926 /* Roboto-BoldCondensedItalic.ttf in Resources */,
				24E54679221BFB5F003D1855 /* EventCell.xib in Resources */,
				24ADABB72216A1DD00499926 /* Browse.storyboard in Resources */,
				240C65342224DD1B00D57103 /* EventPagerCell.xib in Resources */,
				24ADABA422169B1E00499926 /* Roboto-MediumItalic.ttf in Resources */,
				24ADABB52216A1CB00499926 /* Near.storyboard in Resources */,
				24ADABB92216A1E700499926 /* MyPage.storyboard in Resources */,
				24A496B8221A435100ABA699 /* NewsCell.xib in Resources */,
				24ADAB51221695A900499926 /* Main.storyboard in Resources */,
				24ADAB9D22169B1E00499926 /* Roboto-Thin.ttf in Resources */,
				243A1A2B2223796B00967001 /* DateHeader.xib in Resources */,
				24ADAB9922169B1E00499926 /* Roboto-Light.ttf in Resources */,
			);
			runOnlyForDeploymentPostprocessing = 0;
		};
		24ADAB5A221695AA00499926 /* Resources */ = {
			isa = PBXResourcesBuildPhase;
			buildActionMask = 2147483647;
			files = (
			);
			runOnlyForDeploymentPostprocessing = 0;
		};
		24ADAB65221695AA00499926 /* Resources */ = {
			isa = PBXResourcesBuildPhase;
			buildActionMask = 2147483647;
			files = (
			);
			runOnlyForDeploymentPostprocessing = 0;
		};
/* End PBXResourcesBuildPhase section */

/* Begin PBXShellScriptBuildPhase section */
		24ADAB7A2216988D00499926 /* ShellScript */ = {
			isa = PBXShellScriptBuildPhase;
			buildActionMask = 2147483647;
			files = (
			);
			inputFileListPaths = (
			);
			inputPaths = (
				"$TEMP_DIR/rswift-lastrun",
			);
			outputFileListPaths = (
			);
			outputPaths = (
				$SRCROOT/MockApp/Resources/R.generated.swift,
			);
			runOnlyForDeploymentPostprocessing = 0;
			shellPath = /bin/sh;
			shellScript = "# Type a script or drag a script file from your workspace to insert its path.\n\"$PODS_ROOT/R.swift/rswift\" generate \"$SRCROOT/MockApp/Resources/R.generated.swift\"\n";
		};
		260F9A1069C6602AA7D7EF5A /* [CP] Embed Pods Frameworks */ = {
			isa = PBXShellScriptBuildPhase;
			buildActionMask = 2147483647;
			files = (
			);
			inputFileListPaths = (
			);
			inputPaths = (
				"${SRCROOT}/Pods/Target Support Files/Pods-MockApp/Pods-MockApp-frameworks.sh",
				"${BUILT_PRODUCTS_DIR}/Alamofire/Alamofire.framework",
				"${BUILT_PRODUCTS_DIR}/FSPagerView/FSPagerView.framework",
				"${BUILT_PRODUCTS_DIR}/Kingfisher/Kingfisher.framework",
				"${BUILT_PRODUCTS_DIR}/R.swift.Library/Rswift.framework",
				"${BUILT_PRODUCTS_DIR}/Realm/Realm.framework",
				"${BUILT_PRODUCTS_DIR}/RealmSwift/RealmSwift.framework",
				"${BUILT_PRODUCTS_DIR}/SwiftyJSON/SwiftyJSON.framework",
			);
			name = "[CP] Embed Pods Frameworks";
			outputFileListPaths = (
			);
			outputPaths = (
				"${TARGET_BUILD_DIR}/${FRAMEWORKS_FOLDER_PATH}/Alamofire.framework",
				"${TARGET_BUILD_DIR}/${FRAMEWORKS_FOLDER_PATH}/FSPagerView.framework",
				"${TARGET_BUILD_DIR}/${FRAMEWORKS_FOLDER_PATH}/Kingfisher.framework",
				"${TARGET_BUILD_DIR}/${FRAMEWORKS_FOLDER_PATH}/Rswift.framework",
				"${TARGET_BUILD_DIR}/${FRAMEWORKS_FOLDER_PATH}/Realm.framework",
				"${TARGET_BUILD_DIR}/${FRAMEWORKS_FOLDER_PATH}/RealmSwift.framework",
				"${TARGET_BUILD_DIR}/${FRAMEWORKS_FOLDER_PATH}/SwiftyJSON.framework",
			);
			runOnlyForDeploymentPostprocessing = 0;
			shellPath = /bin/sh;
			shellScript = "\"${SRCROOT}/Pods/Target Support Files/Pods-MockApp/Pods-MockApp-frameworks.sh\"\n";
			showEnvVarsInLog = 0;
		};
		6DB09A74268CA65D2D434F2F /* [CP] Copy Pods Resources */ = {
			isa = PBXShellScriptBuildPhase;
			buildActionMask = 2147483647;
			files = (
			);
			inputFileListPaths = (
			);
			inputPaths = (
				"${SRCROOT}/Pods/Target Support Files/Pods-MockApp/Pods-MockApp-resources.sh",
				"${PODS_ROOT}/GoogleMaps/Maps/Frameworks/GoogleMaps.framework/Resources/GoogleMaps.bundle",
				"${PODS_ROOT}/GooglePlaces/Frameworks/GooglePlaces.framework/Resources/GooglePlaces.bundle",
			);
			name = "[CP] Copy Pods Resources";
			outputFileListPaths = (
			);
			outputPaths = (
				"${TARGET_BUILD_DIR}/${UNLOCALIZED_RESOURCES_FOLDER_PATH}/GoogleMaps.bundle",
				"${TARGET_BUILD_DIR}/${UNLOCALIZED_RESOURCES_FOLDER_PATH}/GooglePlaces.bundle",
			);
			runOnlyForDeploymentPostprocessing = 0;
			shellPath = /bin/sh;
			shellScript = "\"${SRCROOT}/Pods/Target Support Files/Pods-MockApp/Pods-MockApp-resources.sh\"\n";
			showEnvVarsInLog = 0;
		};
		856CA3A6EBB83AEDC68B3833 /* [CP] Check Pods Manifest.lock */ = {
			isa = PBXShellScriptBuildPhase;
			buildActionMask = 2147483647;
			files = (
			);
			inputFileListPaths = (
			);
			inputPaths = (
				"${PODS_PODFILE_DIR_PATH}/Podfile.lock",
				"${PODS_ROOT}/Manifest.lock",
			);
			name = "[CP] Check Pods Manifest.lock";
			outputFileListPaths = (
			);
			outputPaths = (
				"$(DERIVED_FILE_DIR)/Pods-MockAppTests-checkManifestLockResult.txt",
			);
			runOnlyForDeploymentPostprocessing = 0;
			shellPath = /bin/sh;
			shellScript = "diff \"${PODS_PODFILE_DIR_PATH}/Podfile.lock\" \"${PODS_ROOT}/Manifest.lock\" > /dev/null\nif [ $? != 0 ] ; then\n    # print error to STDERR\n    echo \"error: The sandbox is not in sync with the Podfile.lock. Run 'pod install' or update your CocoaPods installation.\" >&2\n    exit 1\nfi\n# This output is used by Xcode 'outputs' to avoid re-running this script phase.\necho \"SUCCESS\" > \"${SCRIPT_OUTPUT_FILE_0}\"\n";
			showEnvVarsInLog = 0;
		};
		C8CB86BC768AA1619AAD8DED /* [CP] Check Pods Manifest.lock */ = {
			isa = PBXShellScriptBuildPhase;
			buildActionMask = 2147483647;
			files = (
			);
			inputFileListPaths = (
			);
			inputPaths = (
				"${PODS_PODFILE_DIR_PATH}/Podfile.lock",
				"${PODS_ROOT}/Manifest.lock",
			);
			name = "[CP] Check Pods Manifest.lock";
			outputFileListPaths = (
			);
			outputPaths = (
				"$(DERIVED_FILE_DIR)/Pods-MockApp-checkManifestLockResult.txt",
			);
			runOnlyForDeploymentPostprocessing = 0;
			shellPath = /bin/sh;
			shellScript = "diff \"${PODS_PODFILE_DIR_PATH}/Podfile.lock\" \"${PODS_ROOT}/Manifest.lock\" > /dev/null\nif [ $? != 0 ] ; then\n    # print error to STDERR\n    echo \"error: The sandbox is not in sync with the Podfile.lock. Run 'pod install' or update your CocoaPods installation.\" >&2\n    exit 1\nfi\n# This output is used by Xcode 'outputs' to avoid re-running this script phase.\necho \"SUCCESS\" > \"${SCRIPT_OUTPUT_FILE_0}\"\n";
			showEnvVarsInLog = 0;
		};
		C9C86289F58167243DB88189 /* [CP] Check Pods Manifest.lock */ = {
			isa = PBXShellScriptBuildPhase;
			buildActionMask = 2147483647;
			files = (
			);
			inputFileListPaths = (
			);
			inputPaths = (
				"${PODS_PODFILE_DIR_PATH}/Podfile.lock",
				"${PODS_ROOT}/Manifest.lock",
			);
			name = "[CP] Check Pods Manifest.lock";
			outputFileListPaths = (
			);
			outputPaths = (
				"$(DERIVED_FILE_DIR)/Pods-MockAppUITests-checkManifestLockResult.txt",
			);
			runOnlyForDeploymentPostprocessing = 0;
			shellPath = /bin/sh;
			shellScript = "diff \"${PODS_PODFILE_DIR_PATH}/Podfile.lock\" \"${PODS_ROOT}/Manifest.lock\" > /dev/null\nif [ $? != 0 ] ; then\n    # print error to STDERR\n    echo \"error: The sandbox is not in sync with the Podfile.lock. Run 'pod install' or update your CocoaPods installation.\" >&2\n    exit 1\nfi\n# This output is used by Xcode 'outputs' to avoid re-running this script phase.\necho \"SUCCESS\" > \"${SCRIPT_OUTPUT_FILE_0}\"\n";
			showEnvVarsInLog = 0;
		};
/* End PBXShellScriptBuildPhase section */

/* Begin PBXSourcesBuildPhase section */
		24ADAB44221695A900499926 /* Sources */ = {
			isa = PBXSourcesBuildPhase;
			buildActionMask = 2147483647;
			files = (
				24A496B1221A404500ABA699 /* PopularViewController.swift in Sources */,
				24A496BE221A5D8800ABA699 /* APIServiceAgent.swift in Sources */,
				24ADABAB2216A10000499926 /* HomeViewController.swift in Sources */,
				24E54678221BFB5F003D1855 /* EventCell.swift in Sources */,
				24A496E0221A9EF600ABA699 /* UITabbarExtension.swift in Sources */,
				24A496DC221A9CA500ABA699 /* IntExtension.swift in Sources */,
				24A496E2221AA3C100ABA699 /* StringExtension.swift in Sources */,
				246BCA1D221E3299006D6C91 /* UITextFieldExtension.swift in Sources */,
				24A496C0221A5DD400ABA699 /* APIServiceObject.swift in Sources */,
				24ADAB4E221695A900499926 /* ViewController.swift in Sources */,
				2458839F2228C8E000635AB9 /* CategoryRealmModel.swift in Sources */,
				246BCA20221E3C29006D6C91 /* MyPageService.swift in Sources */,
				24ADABAD2216A11400499926 /* NearViewController.swift in Sources */,
				24A496C4221A5FFC00ABA699 /* HomeService.swift in Sources */,
				2472A870222E5363009758AD /* SearchViewController.swift in Sources */,
				24A496BB221A486300ABA699 /* News.swift in Sources */,
				240C652F2224D9AF00D57103 /* ThirdEDCell.swift in Sources */,
				246BCA2A221EABCD006D6C91 /* GoingViewController.swift in Sources */,
				2458839D2228C79000635AB9 /* CategoryDTO.swift in Sources */,
				2460C60B221D0F4B00A7817B /* MyListEventViewController.swift in Sources */,
				24E54671221BB9CC003D1855 /* Event.swift in Sources */,
				240C652B2224C92900D57103 /* SecondEDCell.swift in Sources */,
				241F4A9622320B96001051F6 /* MarkerDetailViewController.swift in Sources */,
				246BCA26221E9C8F006D6C91 /* Utils.swift in Sources */,
				24C4AA28222FA1B70039B3D4 /* NearService.swift in Sources */,
				245883992228C66300635AB9 /* Category.swift in Sources */,
				24E5466D221BB9AE003D1855 /* EventRealmModel.swift in Sources */,
				24ADAB4C221695A900499926 /* AppDelegate.swift in Sources */,
				246BCA22221E42CA006D6C91 /* UIVCExtension.swift in Sources */,
				2460C609221D0F3400A7817B /* RegisterViewController.swift in Sources */,
				245CA1FE222CBCC00061BF7A /* EventByCategoryViewController.swift in Sources */,
				24A496AF221A3E8100ABA699 /* NewsViewController.swift in Sources */,
				24E5466F221BB9BC003D1855 /* EventDTO.swift in Sources */,
				24A496D0221A8C5C00ABA699 /* UserPresfHelper.swift in Sources */,
				24E54673221BDA00003D1855 /* Venue.swift in Sources */,
				24ADAB7C2216997800499926 /* R.generated.swift in Sources */,
				24E54675221BDA12003D1855 /* VenueDTO.swift in Sources */,
				249532662223DB1700E1563F /* FirstEDCell.swift in Sources */,
				2460C60D221D3E5500A7817B /* LoginViewController.swift in Sources */,
				243A1A2A2223796B00967001 /* DateHeader.swift in Sources */,
				24A496D6221A917700ABA699 /* NewsRealmModel.swift in Sources */,
				2495326A2223E06D00E1563F /* EventCellModel.swift in Sources */,
				243A1A2D22237DC400967001 /* CommonTableModel.swift in Sources */,
				2460C60F221D3E7300A7817B /* ForgotPasswordViewController.swift in Sources */,
				24ADAB8022169AB700499926 /* UIColorExtension.swift in Sources */,
				240C65332224DD1B00D57103 /* EventPagerCell.swift in Sources */,
				245883972228C59D00635AB9 /* RealmManager.swift in Sources */,
				24A496CB221A8A2D00ABA699 /* Connectivity.swift in Sources */,
				245CA202222D11CB0061BF7A /* VenueRealmModel.swift in Sources */,
				24ADABAF2216A12C00499926 /* BrowseViewController.swift in Sources */,
				24A496DA221A943400ABA699 /* ResultsExtension.swift in Sources */,
				24ADABBE2216A33900499926 /* CustomTabbarController.swift in Sources */,
				24ADABC12216BD9000499926 /* SegmentView.swift in Sources */,
				24A496C8221A605B00ABA699 /* NewsDTO.swift in Sources */,
				245883A12228CA6700635AB9 /* BrowseService.swift in Sources */,
				245883A62228CC1500635AB9 /* CategoryCell.swift in Sources */,
				24A496B7221A435100ABA699 /* NewsCell.swift in Sources */,
				246BCA28221E9D79006D6C91 /* EventDetailViewController.swift in Sources */,
				24ADABB12216A14800499926 /* MyPageViewController.swift in Sources */,
				246BCA2C221EABE0006D6C91 /* WentViewController.swift in Sources */,
				24A496C2221A5E0B00ABA699 /* APIRequestProvider.swift in Sources */,
			);
			runOnlyForDeploymentPostprocessing = 0;
		};
		24ADAB58221695AA00499926 /* Sources */ = {
			isa = PBXSourcesBuildPhase;
			buildActionMask = 2147483647;
			files = (
				24ADAB61221695AA00499926 /* MockAppTests.swift in Sources */,
			);
			runOnlyForDeploymentPostprocessing = 0;
		};
		24ADAB63221695AA00499926 /* Sources */ = {
			isa = PBXSourcesBuildPhase;
			buildActionMask = 2147483647;
			files = (
				24ADAB6C221695AB00499926 /* MockAppUITests.swift in Sources */,
			);
			runOnlyForDeploymentPostprocessing = 0;
		};
/* End PBXSourcesBuildPhase section */

/* Begin PBXTargetDependency section */
		24ADAB5E221695AA00499926 /* PBXTargetDependency */ = {
			isa = PBXTargetDependency;
			target = 24ADAB47221695A900499926 /* MockApp */;
			targetProxy = 24ADAB5D221695AA00499926 /* PBXContainerItemProxy */;
		};
		24ADAB69221695AA00499926 /* PBXTargetDependency */ = {
			isa = PBXTargetDependency;
			target = 24ADAB47221695A900499926 /* MockApp */;
			targetProxy = 24ADAB68221695AA00499926 /* PBXContainerItemProxy */;
		};
/* End PBXTargetDependency section */

/* Begin PBXVariantGroup section */
		24ADAB4F221695A900499926 /* Main.storyboard */ = {
			isa = PBXVariantGroup;
			children = (
				24ADAB50221695A900499926 /* Base */,
			);
			name = Main.storyboard;
			sourceTree = "<group>";
		};
		24ADAB54221695AA00499926 /* LaunchScreen.storyboard */ = {
			isa = PBXVariantGroup;
			children = (
				24ADAB55221695AA00499926 /* Base */,
			);
			name = LaunchScreen.storyboard;
			sourceTree = "<group>";
		};
/* End PBXVariantGroup section */

/* Begin XCBuildConfiguration section */
		24ADAB6E221695AB00499926 /* Debug */ = {
			isa = XCBuildConfiguration;
			buildSettings = {
				ALWAYS_SEARCH_USER_PATHS = NO;
				CLANG_ANALYZER_NONNULL = YES;
				CLANG_ANALYZER_NUMBER_OBJECT_CONVERSION = YES_AGGRESSIVE;
				CLANG_CXX_LANGUAGE_STANDARD = "gnu++14";
				CLANG_CXX_LIBRARY = "libc++";
				CLANG_ENABLE_MODULES = YES;
				CLANG_ENABLE_OBJC_ARC = YES;
				CLANG_ENABLE_OBJC_WEAK = YES;
				CLANG_WARN_BLOCK_CAPTURE_AUTORELEASING = YES;
				CLANG_WARN_BOOL_CONVERSION = YES;
				CLANG_WARN_COMMA = YES;
				CLANG_WARN_CONSTANT_CONVERSION = YES;
				CLANG_WARN_DEPRECATED_OBJC_IMPLEMENTATIONS = YES;
				CLANG_WARN_DIRECT_OBJC_ISA_USAGE = YES_ERROR;
				CLANG_WARN_DOCUMENTATION_COMMENTS = YES;
				CLANG_WARN_EMPTY_BODY = YES;
				CLANG_WARN_ENUM_CONVERSION = YES;
				CLANG_WARN_INFINITE_RECURSION = YES;
				CLANG_WARN_INT_CONVERSION = YES;
				CLANG_WARN_NON_LITERAL_NULL_CONVERSION = YES;
				CLANG_WARN_OBJC_IMPLICIT_RETAIN_SELF = YES;
				CLANG_WARN_OBJC_LITERAL_CONVERSION = YES;
				CLANG_WARN_OBJC_ROOT_CLASS = YES_ERROR;
				CLANG_WARN_RANGE_LOOP_ANALYSIS = YES;
				CLANG_WARN_STRICT_PROTOTYPES = YES;
				CLANG_WARN_SUSPICIOUS_MOVE = YES;
				CLANG_WARN_UNGUARDED_AVAILABILITY = YES_AGGRESSIVE;
				CLANG_WARN_UNREACHABLE_CODE = YES;
				CLANG_WARN__DUPLICATE_METHOD_MATCH = YES;
				CODE_SIGN_IDENTITY = "iPhone Developer";
				COPY_PHASE_STRIP = NO;
				DEBUG_INFORMATION_FORMAT = dwarf;
				ENABLE_STRICT_OBJC_MSGSEND = YES;
				ENABLE_TESTABILITY = YES;
				GCC_C_LANGUAGE_STANDARD = gnu11;
				GCC_DYNAMIC_NO_PIC = NO;
				GCC_NO_COMMON_BLOCKS = YES;
				GCC_OPTIMIZATION_LEVEL = 0;
				GCC_PREPROCESSOR_DEFINITIONS = (
					"DEBUG=1",
					"$(inherited)",
				);
				GCC_WARN_64_TO_32_BIT_CONVERSION = YES;
				GCC_WARN_ABOUT_RETURN_TYPE = YES_ERROR;
				GCC_WARN_UNDECLARED_SELECTOR = YES;
				GCC_WARN_UNINITIALIZED_AUTOS = YES_AGGRESSIVE;
				GCC_WARN_UNUSED_FUNCTION = YES;
				GCC_WARN_UNUSED_VARIABLE = YES;
				IPHONEOS_DEPLOYMENT_TARGET = 12.1;
				MTL_ENABLE_DEBUG_INFO = INCLUDE_SOURCE;
				MTL_FAST_MATH = YES;
				ONLY_ACTIVE_ARCH = YES;
				SDKROOT = iphoneos;
				SWIFT_ACTIVE_COMPILATION_CONDITIONS = DEBUG;
				SWIFT_OPTIMIZATION_LEVEL = "-Onone";
			};
			name = Debug;
		};
		24ADAB6F221695AB00499926 /* Release */ = {
			isa = XCBuildConfiguration;
			buildSettings = {
				ALWAYS_SEARCH_USER_PATHS = NO;
				CLANG_ANALYZER_NONNULL = YES;
				CLANG_ANALYZER_NUMBER_OBJECT_CONVERSION = YES_AGGRESSIVE;
				CLANG_CXX_LANGUAGE_STANDARD = "gnu++14";
				CLANG_CXX_LIBRARY = "libc++";
				CLANG_ENABLE_MODULES = YES;
				CLANG_ENABLE_OBJC_ARC = YES;
				CLANG_ENABLE_OBJC_WEAK = YES;
				CLANG_WARN_BLOCK_CAPTURE_AUTORELEASING = YES;
				CLANG_WARN_BOOL_CONVERSION = YES;
				CLANG_WARN_COMMA = YES;
				CLANG_WARN_CONSTANT_CONVERSION = YES;
				CLANG_WARN_DEPRECATED_OBJC_IMPLEMENTATIONS = YES;
				CLANG_WARN_DIRECT_OBJC_ISA_USAGE = YES_ERROR;
				CLANG_WARN_DOCUMENTATION_COMMENTS = YES;
				CLANG_WARN_EMPTY_BODY = YES;
				CLANG_WARN_ENUM_CONVERSION = YES;
				CLANG_WARN_INFINITE_RECURSION = YES;
				CLANG_WARN_INT_CONVERSION = YES;
				CLANG_WARN_NON_LITERAL_NULL_CONVERSION = YES;
				CLANG_WARN_OBJC_IMPLICIT_RETAIN_SELF = YES;
				CLANG_WARN_OBJC_LITERAL_CONVERSION = YES;
				CLANG_WARN_OBJC_ROOT_CLASS = YES_ERROR;
				CLANG_WARN_RANGE_LOOP_ANALYSIS = YES;
				CLANG_WARN_STRICT_PROTOTYPES = YES;
				CLANG_WARN_SUSPICIOUS_MOVE = YES;
				CLANG_WARN_UNGUARDED_AVAILABILITY = YES_AGGRESSIVE;
				CLANG_WARN_UNREACHABLE_CODE = YES;
				CLANG_WARN__DUPLICATE_METHOD_MATCH = YES;
				CODE_SIGN_IDENTITY = "iPhone Developer";
				COPY_PHASE_STRIP = NO;
				DEBUG_INFORMATION_FORMAT = "dwarf-with-dsym";
				ENABLE_NS_ASSERTIONS = NO;
				ENABLE_STRICT_OBJC_MSGSEND = YES;
				GCC_C_LANGUAGE_STANDARD = gnu11;
				GCC_NO_COMMON_BLOCKS = YES;
				GCC_WARN_64_TO_32_BIT_CONVERSION = YES;
				GCC_WARN_ABOUT_RETURN_TYPE = YES_ERROR;
				GCC_WARN_UNDECLARED_SELECTOR = YES;
				GCC_WARN_UNINITIALIZED_AUTOS = YES_AGGRESSIVE;
				GCC_WARN_UNUSED_FUNCTION = YES;
				GCC_WARN_UNUSED_VARIABLE = YES;
				IPHONEOS_DEPLOYMENT_TARGET = 12.1;
				MTL_ENABLE_DEBUG_INFO = NO;
				MTL_FAST_MATH = YES;
				SDKROOT = iphoneos;
				SWIFT_COMPILATION_MODE = wholemodule;
				SWIFT_OPTIMIZATION_LEVEL = "-O";
				VALIDATE_PRODUCT = YES;
			};
			name = Release;
		};
		24ADAB71221695AB00499926 /* Debug */ = {
			isa = XCBuildConfiguration;
			baseConfigurationReference = BEEF5656657E64C2D07C21C0 /* Pods-MockApp.debug.xcconfig */;
			buildSettings = {
				ASSETCATALOG_COMPILER_APPICON_NAME = AppIcon;
				CODE_SIGN_STYLE = Automatic;
				INFOPLIST_FILE = MockApp/Info.plist;
				LD_RUNPATH_SEARCH_PATHS = (
					"$(inherited)",
					"@executable_path/Frameworks",
				);
				PRODUCT_BUNDLE_IDENTIFIER = com.rikkei.MockApp;
				PRODUCT_NAME = "$(TARGET_NAME)";
				SWIFT_OBJC_BRIDGING_HEADER = "";
				SWIFT_VERSION = 4.2;
				TARGETED_DEVICE_FAMILY = "1,2";
			};
			name = Debug;
		};
		24ADAB72221695AB00499926 /* Release */ = {
			isa = XCBuildConfiguration;
			baseConfigurationReference = CEE389D4C625A5A13115F637 /* Pods-MockApp.release.xcconfig */;
			buildSettings = {
				ASSETCATALOG_COMPILER_APPICON_NAME = AppIcon;
				CODE_SIGN_STYLE = Automatic;
				INFOPLIST_FILE = MockApp/Info.plist;
				LD_RUNPATH_SEARCH_PATHS = (
					"$(inherited)",
					"@executable_path/Frameworks",
				);
				PRODUCT_BUNDLE_IDENTIFIER = com.rikkei.MockApp;
				PRODUCT_NAME = "$(TARGET_NAME)";
				SWIFT_ACTIVE_COMPILATION_CONDITIONS = "";
				SWIFT_OBJC_BRIDGING_HEADER = "";
				SWIFT_VERSION = 4.2;
				TARGETED_DEVICE_FAMILY = "1,2";
			};
			name = Release;
		};
		24ADAB74221695AB00499926 /* Debug */ = {
			isa = XCBuildConfiguration;
			baseConfigurationReference = 1532F561EBBDE54645BBC9A5 /* Pods-MockAppTests.debug.xcconfig */;
			buildSettings = {
				ALWAYS_EMBED_SWIFT_STANDARD_LIBRARIES = YES;
				BUNDLE_LOADER = "$(TEST_HOST)";
				CODE_SIGN_STYLE = Automatic;
				INFOPLIST_FILE = MockAppTests/Info.plist;
				LD_RUNPATH_SEARCH_PATHS = (
					"$(inherited)",
					"@executable_path/Frameworks",
					"@loader_path/Frameworks",
				);
				PRODUCT_BUNDLE_IDENTIFIER = com.rikkei.MockAppTests;
				PRODUCT_NAME = "$(TARGET_NAME)";
				SWIFT_VERSION = 4.2;
				TARGETED_DEVICE_FAMILY = "1,2";
				TEST_HOST = "$(BUILT_PRODUCTS_DIR)/MockApp.app/MockApp";
			};
			name = Debug;
		};
		24ADAB75221695AB00499926 /* Release */ = {
			isa = XCBuildConfiguration;
			baseConfigurationReference = B0AE2BE7F466AD7D0B8F7E3F /* Pods-MockAppTests.release.xcconfig */;
			buildSettings = {
				ALWAYS_EMBED_SWIFT_STANDARD_LIBRARIES = YES;
				BUNDLE_LOADER = "$(TEST_HOST)";
				CODE_SIGN_STYLE = Automatic;
				INFOPLIST_FILE = MockAppTests/Info.plist;
				LD_RUNPATH_SEARCH_PATHS = (
					"$(inherited)",
					"@executable_path/Frameworks",
					"@loader_path/Frameworks",
				);
				PRODUCT_BUNDLE_IDENTIFIER = com.rikkei.MockAppTests;
				PRODUCT_NAME = "$(TARGET_NAME)";
				SWIFT_VERSION = 4.2;
				TARGETED_DEVICE_FAMILY = "1,2";
				TEST_HOST = "$(BUILT_PRODUCTS_DIR)/MockApp.app/MockApp";
			};
			name = Release;
		};
		24ADAB77221695AB00499926 /* Debug */ = {
			isa = XCBuildConfiguration;
			baseConfigurationReference = B4D84763931C3366140FC7FE /* Pods-MockAppUITests.debug.xcconfig */;
			buildSettings = {
				ALWAYS_EMBED_SWIFT_STANDARD_LIBRARIES = YES;
				CODE_SIGN_STYLE = Automatic;
				INFOPLIST_FILE = MockAppUITests/Info.plist;
				LD_RUNPATH_SEARCH_PATHS = (
					"$(inherited)",
					"@executable_path/Frameworks",
					"@loader_path/Frameworks",
				);
				PRODUCT_BUNDLE_IDENTIFIER = com.rikkei.MockAppUITests;
				PRODUCT_NAME = "$(TARGET_NAME)";
				SWIFT_VERSION = 4.2;
				TARGETED_DEVICE_FAMILY = "1,2";
				TEST_TARGET_NAME = MockApp;
			};
			name = Debug;
		};
		24ADAB78221695AB00499926 /* Release */ = {
			isa = XCBuildConfiguration;
			baseConfigurationReference = F2186EC53E99E40691450E34 /* Pods-MockAppUITests.release.xcconfig */;
			buildSettings = {
				ALWAYS_EMBED_SWIFT_STANDARD_LIBRARIES = YES;
				CODE_SIGN_STYLE = Automatic;
				INFOPLIST_FILE = MockAppUITests/Info.plist;
				LD_RUNPATH_SEARCH_PATHS = (
					"$(inherited)",
					"@executable_path/Frameworks",
					"@loader_path/Frameworks",
				);
				PRODUCT_BUNDLE_IDENTIFIER = com.rikkei.MockAppUITests;
				PRODUCT_NAME = "$(TARGET_NAME)";
				SWIFT_VERSION = 4.2;
				TARGETED_DEVICE_FAMILY = "1,2";
				TEST_TARGET_NAME = MockApp;
			};
			name = Release;
		};
/* End XCBuildConfiguration section */

/* Begin XCConfigurationList section */
		24ADAB43221695A900499926 /* Build configuration list for PBXProject "MockApp" */ = {
			isa = XCConfigurationList;
			buildConfigurations = (
				24ADAB6E221695AB00499926 /* Debug */,
				24ADAB6F221695AB00499926 /* Release */,
			);
			defaultConfigurationIsVisible = 0;
			defaultConfigurationName = Release;
		};
		24ADAB70221695AB00499926 /* Build configuration list for PBXNativeTarget "MockApp" */ = {
			isa = XCConfigurationList;
			buildConfigurations = (
				24ADAB71221695AB00499926 /* Debug */,
				24ADAB72221695AB00499926 /* Release */,
			);
			defaultConfigurationIsVisible = 0;
			defaultConfigurationName = Release;
		};
		24ADAB73221695AB00499926 /* Build configuration list for PBXNativeTarget "MockAppTests" */ = {
			isa = XCConfigurationList;
			buildConfigurations = (
				24ADAB74221695AB00499926 /* Debug */,
				24ADAB75221695AB00499926 /* Release */,
			);
			defaultConfigurationIsVisible = 0;
			defaultConfigurationName = Release;
		};
		24ADAB76221695AB00499926 /* Build configuration list for PBXNativeTarget "MockAppUITests" */ = {
			isa = XCConfigurationList;
			buildConfigurations = (
				24ADAB77221695AB00499926 /* Debug */,
				24ADAB78221695AB00499926 /* Release */,
			);
			defaultConfigurationIsVisible = 0;
			defaultConfigurationName = Release;
		};
/* End XCConfigurationList section */
	};
	rootObject = 24ADAB40221695A900499926 /* Project object */;
}
